
Microsoft Visual Studio Solution File, Format Version 12.00
Project("{FAE04EC0-301F-11D3-BF4B-00C04F79EFBC}") = "Hangfire.MicroTest.OrdersService", "Hangfire.MicroTest.OrdersService\Hangfire.MicroTest.OrdersService.csproj", "{377805E9-690B-4DB6-A5C5-6E3E02DEF25C}"
EndProject
Project("{FAE04EC0-301F-11D3-BF4B-00C04F79EFBC}") = "Hangfire.MicroTest.NewsletterService", "Hangfire.MicroTest.NewsletterService\Hangfire.MicroTest.NewsletterService.csproj", "{661D5C1D-0E92-4B2D-9284-948EB548F225}"
EndProject
Project("{FAE04EC0-301F-11D3-BF4B-00C04F79EFBC}") = "Hangfire.MicroTest.Shared", "Hangfire.MicroTest.Shared\Hangfire.MicroTest.Shared.csproj", "{621C512E-1903-4BB6-9D19-5524D5DBEDBF}"
EndProject
Project("{FAE04EC0-301F-11D3-BF4B-00C04F79EFBC}") = "Hangfire.MicroTest.Dashboard", "Hangfire.MicroTest.Dashboard\Hangfire.MicroTest.Dashboard.csproj", "{94B7B2A6-CFB0-4872-9AA7-214308542450}"
EndProject
Global
	GlobalSection(SolutionConfigurationPlatforms) = preSolution
		Debug|Any CPU = Debug|Any CPU
		Release|Any CPU = Release|Any CPU
	EndGlobalSection
	GlobalSection(ProjectConfigurationPlatforms) = postSolution
		{377805E9-690B-4DB6-A5C5-6E3E02DEF25C}.Debug|Any CPU.ActiveCfg = Debug|Any CPU
		{377805E9-690B-4DB6-A5C5-6E3E02DEF25C}.Debug|Any CPU.Build.0 = Debug|Any CPU
		{377805E9-690B-4DB6-A5C5-6E3E02DEF25C}.Release|Any CPU.ActiveCfg = Release|Any CPU
		{377805E9-690B-4DB6-A5C5-6E3E02DEF25C}.Release|Any CPU.Build.0 = Release|Any CPU
		{661D5C1D-0E92-4B2D-9284-948EB548F225}.Debug|Any CPU.ActiveCfg = Debug|Any CPU
		{661D5C1D-0E92-4B2D-9284-948EB548F225}.Debug|Any CPU.Build.0 = Debug|Any CPU
		{661D5C1D-0E92-4B2D-9284-948EB548F225}.Release|Any CPU.ActiveCfg = Release|Any CPU
		{661D5C1D-0E92-4B2D-9284-948EB548F225}.Release|Any CPU.Build.0 = Release|Any CPU
		{621C512E-1903-4BB6-9D19-5524D5DBEDBF}.Debug|Any CPU.ActiveCfg = Debug|Any CPU
		{621C512E-1903-4BB6-9D19-5524D5DBEDBF}.Debug|Any CPU.Build.0 = Debug|Any CPU
		{621C512E-1903-4BB6-9D19-5524D5DBEDBF}.Release|Any CPU.ActiveCfg = Release|Any CPU
		{621C512E-1903-4BB6-9D19-5524D5DBEDBF}.Release|Any CPU.Build.0 = Release|Any CPU
		{94B7B2A6-CFB0-4872-9AA7-214308542450}.Debug|Any CPU.ActiveCfg = Debug|Any CPU
		{94B7B2A6-CFB0-4872-9AA7-214308542450}.Debug|Any CPU.Build.0 = Debug|Any CPU
		{94B7B2A6-CFB0-4872-9AA7-214308542450}.Release|Any CPU.ActiveCfg = Release|Any CPU
		{94B7B2A6-CFB0-4872-9AA7-214308542450}.Release|Any CPU.Build.0 = Release|Any CPU
	EndGlobalSection
EndGlobal
